<?xml version="1.0" encoding="utf-8"?>
<Project ToolsVersion="4.0" xmlns="http://schemas.microsoft.com/developer/msbuild/2003">
  <ItemGroup>
    <Filter Include="KainEngine">
      <UniqueIdentifier>{9E63682B-8A1B-AA78-F322-83D4DFF94469}</UniqueIdentifier>
    </Filter>
  </ItemGroup>
  <ItemGroup>
    <ClInclude Include="src\KainEngine.h" />
    <ClInclude Include="src\KainEngine\Application.h">
      <Filter>KainEngine</Filter>
    </ClInclude>
    <ClInclude Include="src\KainEngine\Core.h">
      <Filter>KainEngine</Filter>
    </ClInclude>
    <ClInclude Include="src\KainEngine\EntryPoint.h">
      <Filter>KainEngine</Filter>
    </ClInclude>
    <ClInclude Include="src\KainEngine\Log.h">
      <Filter>KainEngine</Filter>
    </ClInclude>
  </ItemGroup>
  <ItemGroup>
    <ClCompile Include="src\KainEngine\Application.cpp">
      <Filter>KainEngine</Filter>
    </ClCompile>
    <ClCompile Include="src\KainEngine\Log.cpp">
      <Filter>KainEngine</Filter>
    </ClCompile>
  </ItemGroup>
</Project>